// !$*UTF8*$!
{
	archiveVersion = 1;
	classes = {
	};
	objectVersion = 46;
	objects = {

/* Begin PBXBuildFile section */
		46CCD0261E7E99B2000051AA /* AppDelegate.swift in Sources */ = {isa = PBXBuildFile; fileRef = 46CCD0251E7E99B2000051AA /* AppDelegate.swift */; };
		46CCD0281E7E99B2000051AA /* ViewController.swift in Sources */ = {isa = PBXBuildFile; fileRef = 46CCD0271E7E99B2000051AA /* ViewController.swift */; };
		46CCD02B1E7E99B2000051AA /* Main.storyboard in Resources */ = {isa = PBXBuildFile; fileRef = 46CCD0291E7E99B2000051AA /* Main.storyboard */; };
		46CCD02D1E7E99B2000051AA /* Assets.xcassets in Resources */ = {isa = PBXBuildFile; fileRef = 46CCD02C1E7E99B2000051AA /* Assets.xcassets */; };
		46CCD0301E7E99B2000051AA /* LaunchScreen.storyboard in Resources */ = {isa = PBXBuildFile; fileRef = 46CCD02E1E7E99B2000051AA /* LaunchScreen.storyboard */; };
		46CCD0391E7E9A0F000051AA /* QuietModemKit.framework in Frameworks */ = {isa = PBXBuildFile; fileRef = 46CCD0381E7E9A0F000051AA /* QuietModemKit.framework */; };
/* End PBXBuildFile section */

/* Begin PBXFileReference section */
		46CCD0221E7E99B2000051AA /* QuietShare.app */ = {isa = PBXFileReference; explicitFileType = wrapper.application; includeInIndex = 0; path = QuietShare.app; sourceTree = BUILT_PRODUCTS_DIR; };
		46CCD0251E7E99B2000051AA /* AppDelegate.swift */ = {isa = PBXFileReference; lastKnownFileType = sourcecode.swift; path = AppDelegate.swift; sourceTree = "<group>"; };
		46CCD0271E7E99B2000051AA /* ViewController.swift */ = {isa = PBXFileReference; lastKnownFileType = sourcecode.swift; path = ViewController.swift; sourceTree = "<group>"; };
		46CCD02A1E7E99B2000051AA /* Base */ = {isa = PBXFileReference; lastKnownFileType = file.storyboard; name = Base; path = Base.lproj/Main.storyboard; sourceTree = "<group>"; };
		46CCD02C1E7E99B2000051AA /* Assets.xcassets */ = {isa = PBXFileReference; lastKnownFileType = folder.assetcatalog; path = Assets.xcassets; sourceTree = "<group>"; };
		46CCD02F1E7E99B2000051AA /* Base */ = {isa = PBXFileReference; lastKnownFileType = file.storyboard; name = Base; path = Base.lproj/LaunchScreen.storyboard; sourceTree = "<group>"; };
		46CCD0311E7E99B2000051AA /* Info.plist */ = {isa = PBXFileReference; lastKnownFileType = text.plist.xml; path = Info.plist; sourceTree = "<group>"; };
		46CCD0381E7E9A0F000051AA /* QuietModemKit.framework */ = {isa = PBXFileReference; lastKnownFileType = wrapper.framework; name = QuietModemKit.framework; path = Carthage/Build/iOS/QuietModemKit.framework; sourceTree = "<group>"; };
		46CCD03A1E7E9A22000051AA /* QuietShare-Bridging-Header.h */ = {isa = PBXFileReference; lastKnownFileType = sourcecode.c.h; path = "QuietShare-Bridging-Header.h"; sourceTree = "<group>"; };
/* End PBXFileReference section */

/* Begin PBXFrameworksBuildPhase section */
		46CCD01F1E7E99B2000051AA /* Frameworks */ = {
			isa = PBXFrameworksBuildPhase;
			buildActionMask = 2147483647;
			files = (
				46CCD0391E7E9A0F000051AA /* QuietModemKit.framework in Frameworks */,
			);
			runOnlyForDeploymentPostprocessing = 0;
		};
/* End PBXFrameworksBuildPhase section */

/* Begin PBXGroup section */
		46CCD0191E7E99B2000051AA = {
			isa = PBXGroup;
			children = (
				46CCD0241E7E99B2000051AA /* QuietShare */,
				46CCD0231E7E99B2000051AA /* Products */,
				46CCD0371E7E9A0F000051AA /* Frameworks */,
			);
			sourceTree = "<group>";
		};
		46CCD0231E7E99B2000051AA /* Products */ = {
			isa = PBXGroup;
			children = (
				46CCD0221E7E99B2000051AA /* QuietShare.app */,
			);
			name = Products;
			sourceTree = "<group>";
		};
		46CCD0241E7E99B2000051AA /* QuietShare */ = {
			isa = PBXGroup;
			children = (
				46CCD0251E7E99B2000051AA /* AppDelegate.swift */,
				46CCD0271E7E99B2000051AA /* ViewController.swift */,
				46CCD0291E7E99B2000051AA /* Main.storyboard */,
				46CCD02C1E7E99B2000051AA /* Assets.xcassets */,
				46CCD02E1E7E99B2000051AA /* LaunchScreen.storyboard */,
				46CCD0311E7E99B2000051AA /* Info.plist */,
				46CCD03A1E7E9A22000051AA /* QuietShare-Bridging-Header.h */,
			);
			path = QuietShare;
			sourceTree = "<group>";
		};
		46CCD0371E7E9A0F000051AA /* Frameworks */ = {
			isa = PBXGroup;
			children = (
				46CCD0381E7E9A0F000051AA /* QuietModemKit.framework */,
			);
			name = Frameworks;
			sourceTree = "<group>";
		};
/* End PBXGroup section */

/* Begin PBXNativeTarget section */
		46CCD0211E7E99B2000051AA /* QuietShare */ = {
			isa = PBXNativeTarget;
			buildConfigurationList = 46CCD0341E7E99B2000051AA /* Build configuration list for PBXNativeTarget "QuietShare" */;
			buildPhases = (
				46CCD01E1E7E99B2000051AA /* Sources */,
				46CCD01F1E7E99B2000051AA /* Frameworks */,
				46CCD0201E7E99B2000051AA /* Resources */,
			);
			buildRules = (
			);
			dependencies = (
			);
			name = QuietShare;
			productName = QuietShare;
			productReference = 46CCD0221E7E99B2000051AA /* QuietShare.app */;
			productType = "com.apple.product-type.application";
		};
/* End PBXNativeTarget section */

/* Begin PBXProject section */
		46CCD01A1E7E99B2000051AA /* Project object */ = {
			isa = PBXProject;
			attributes = {
				LastSwiftUpdateCheck = 0820;
				LastUpgradeCheck = 0820;
				ORGANIZATIONNAME = "Winster Thuruthippillil JOSE";
				TargetAttributes = {
					46CCD0211E7E99B2000051AA = {
						CreatedOnToolsVersion = 8.2.1;
						DevelopmentTeam = H97MA49XE2;
						LastSwiftMigration = 0820;
						ProvisioningStyle = Automatic;
					};
				};
			};
			buildConfigurationList = 46CCD01D1E7E99B2000051AA /* Build configuration list for PBXProject "QuietShare" */;
			compatibilityVersion = "Xcode 3.2";
			developmentRegion = English;
			hasScannedForEncodings = 0;
			knownRegions = (
				en,
				Base,
			);
			mainGroup = 46CCD0191E7E99B2000051AA;
			productRefGroup = 46CCD0231E7E99B2000051AA /* Products */;
			projectDirPath = "";
			projectRoot = "";
			targets = (
				46CCD0211E7E99B2000051AA /* QuietShare */,
			);
		};
/* End PBXProject section */

/* Begin PBXResourcesBuildPhase section */
		46CCD0201E7E99B2000051AA /* Resources */ = {
			isa = PBXResourcesBuildPhase;
			buildActionMask = 2147483647;
			files = (
				46CCD0301E7E99B2000051AA /* LaunchScreen.storyboard in Resources */,
				46CCD02D1E7E99B2000051AA /* Assets.xcassets in Resources */,
				46CCD02B1E7E99B2000051AA /* Main.storyboard in Resources */,
			);
			runOnlyForDeploymentPostprocessing = 0;
		};
/* End PBXResourcesBuildPhase section */

/* Begin PBXSourcesBuildPhase section */
		46CCD01E1E7E99B2000051AA /* Sources */ = {
			isa = PBXSourcesBuildPhase;
			buildActionMask = 2147483647;
			files = (
				46CCD0281E7E99B2000051AA /* ViewController.swift in Sources */,
				46CCD0261E7E99B2000051AA /* AppDelegate.swift in Sources */,
			);
			runOnlyForDeploymentPostprocessing = 0;
		};
/* End PBXSourcesBuildPhase section */

/* Begin PBXVariantGroup section */
		46CCD0291E7E99B2000051AA /* Main.storyboard */ = {
			isa = PBXVariantGroup;
			children = (
				46CCD02A1E7E99B2000051AA /* Base */,
			);
			name = Main.storyboard;
			sourceTree = "<group>";
		};
		46CCD02E1E7E99B2000051AA /* LaunchScreen.storyboard */ = {
			isa = PBXVariantGroup;
			children = (
				46CCD02F1E7E99B2000051AA /* Base */,
			);
			name = LaunchScreen.storyboard;
			sourceTree = "<group>";
		};
/* End PBXVariantGroup section */

/* Begin XCBuildConfiguration section */
		46CCD0321E7E99B2000051AA /* Debug */ = {
			isa = XCBuildConfiguration;
			buildSettings = {
				ALWAYS_SEARCH_USER_PATHS = NO;
				CLANG_ANALYZER_NONNULL = YES;
				CLANG_CXX_LANGUAGE_STANDARD = "gnu++0x";
				CLANG_CXX_LIBRARY = "libc++";
				CLANG_ENABLE_MODULES = YES;
				CLANG_ENABLE_OBJC_ARC = YES;
				CLANG_WARN_BOOL_CONVERSION = YES;
				CLANG_WARN_CONSTANT_CONVERSION = YES;
				CLANG_WARN_DIRECT_OBJC_ISA_USAGE = YES_ERROR;
				CLANG_WARN_DOCUMENTATION_COMMENTS = YES;
				CLANG_WARN_EMPTY_BODY = YES;
				CLANG_WARN_ENUM_CONVERSION = YES;
				CLANG_WARN_INFINITE_RECURSION = YES;
				CLANG_WARN_INT_CONVERSION = YES;
				CLANG_WARN_OBJC_ROOT_CLASS = YES_ERROR;
				CLANG_WARN_SUSPICIOUS_MOVE = YES;
				CLANG_WARN_UNREACHABLE_CODE = YES;
				CLANG_WARN__DUPLICATE_METHOD_MATCH = YES;
				"CODE_SIGN_IDENTITY[sdk=iphoneos*]" = "iPhone Developer";
				COPY_PHASE_STRIP = NO;
				DEBUG_INFORMATION_FORMAT = dwarf;
				ENABLE_STRICT_OBJC_MSGSEND = YES;
				ENABLE_TESTABILITY = YES;
				GCC_C_LANGUAGE_STANDARD = gnu99;
				GCC_DYNAMIC_NO_PIC = NO;
				GCC_NO_COMMON_BLOCKS = YES;
				GCC_OPTIMIZATION_LEVEL = 0;
				GCC_PREPROCESSOR_DEFINITIONS = (
					"DEBUG=1",
					"$(inherited)",
				);
				GCC_WARN_64_TO_32_BIT_CONVERSION = YES;
				GCC_WARN_ABOUT_RETURN_TYPE = YES_ERROR;
				GCC_WARN_UNDECLARED_SELECTOR = YES;
				GCC_WARN_UNINITIALIZED_AUTOS = YES_AGGRESSIVE;
				GCC_WARN_UNUSED_FUNCTION = YES;
				GCC_WARN_UNUSED_VARIABLE = YES;
				IPHONEOS_DEPLOYMENT_TARGET = 10.2;
				MTL_ENABLE_DEBUG_INFO = YES;
				ONLY_ACTIVE_ARCH = YES;
				SDKROOT = iphoneos;
				SWIFT_ACTIVE_COMPILATION_CONDITIONS = DEBUG;
				SWIFT_OPTIMIZATION_LEVEL = "-Onone";
				TARGETED_DEVICE_FAMILY = "1,2";
			};
			name = Debug;
		};
		46CCD0331E7E99B2000051AA /* Release */ = {
			isa = XCBuildConfiguration;
			buildSettings = {
				ALWAYS_SEARCH_USER_PATHS = NO;
				CLANG_ANALYZER_NONNULL = YES;
				CLANG_CXX_LANGUAGE_STANDARD = "gnu++0x";
				CLANG_CXX_LIBRARY = "libc++";
				CLANG_ENABLE_MODULES = YES;
				CLANG_ENABLE_OBJC_ARC = YES;
				CLANG_WARN_BOOL_CONVERSION = YES;
				CLANG_WARN_CONSTANT_CONVERSION = YES;
				CLANG_WARN_DIRECT_OBJC_ISA_USAGE = YES_ERROR;
				CLANG_WARN_DOCUMENTATION_COMMENTS = YES;
				CLANG_WARN_EMPTY_BODY = YES;
				CLANG_WARN_ENUM_CONVERSION = YES;
				CLANG_WARN_INFINITE_RECURSION = YES;
				CLANG_WARN_INT_CONVERSION = YES;
				CLANG_WARN_OBJC_ROOT_CLASS = YES_ERROR;
				CLANG_WARN_SUSPICIOUS_MOVE = YES;
				CLANG_WARN_UNREACHABLE_CODE = YES;
				CLANG_WARN__DUPLICATE_METHOD_MATCH = YES;
				"CODE_SIGN_IDENTITY[sdk=iphoneos*]" = "iPhone Developer";
				COPY_PHASE_STRIP = NO;
				DEBUG_INFORMATION_FORMAT = "dwarf-with-dsym";
				ENABLE_NS_ASSERTIONS = NO;
				ENABLE_STRICT_OBJC_MSGSEND = YES;
				GCC_C_LANGUAGE_STANDARD = gnu99;
				GCC_NO_COMMON_BLOCKS = YES;
				GCC_WARN_64_TO_32_BIT_CONVERSION = YES;
				GCC_WARN_ABOUT_RETURN_TYPE = YES_ERROR;
				GCC_WARN_UNDECLARED_SELECTOR = YES;
				GCC_WARN_UNINITIALIZED_AUTOS = YES_AGGRESSIVE;
				GCC_WARN_UNUSED_FUNCTION = YES;
				GCC_WARN_UNUSED_VARIABLE = YES;
				IPHONEOS_DEPLOYMENT_TARGET = 10.2;
				MTL_ENABLE_DEBUG_INFO = NO;
				SDKROOT = iphoneos;
				SWIFT_OPTIMIZATION_LEVEL = "-Owholemodule";
				TARGETED_DEVICE_FAMILY = "1,2";
				VALIDATE_PRODUCT = YES;
			};
			name = Release;
		};
		46CCD0351E7E99B2000051AA /* Debug */ = {
			isa = XCBuildConfiguration;
			buildSettings = {
				ASSETCATALOG_COMPILER_APPICON_NAME = AppIcon;
				CLANG_ENABLE_MODULES = YES;
				DEVELOPMENT_TEAM = H97MA49XE2;
				FRAMEWORK_SEARCH_PATHS = (
					"$(inherited)",
					"$(PROJECT_DIR)/Carthage/Build/iOS",
				);
				INFOPLIST_FILE = QuietShare/Info.plist;
				LD_RUNPATH_SEARCH_PATHS = "$(inherited) @executable_path/Frameworks";
				PRODUCT_BUNDLE_IDENTIFIER = no.birkett.QuietShare;
				PRODUCT_NAME = "$(TARGET_NAME)";
				SWIFT_OBJC_BRIDGING_HEADER = "QuietShare/QuietShare-Bridging-Header.h";
				SWIFT_OPTIMIZATION_LEVEL = "-Onone";
				SWIFT_VERSION = 3.0;
			};
			name = Debug;
		};
		46CCD0361E7E99B2000051AA /* Release */ = {
			isa = XCBuildConfiguration;
			buildSettings = {
				ASSETCATALOG_COMPILER_APPICON_NAME = AppIcon;
				CLANG_ENABLE_MODULES = YES;
				DEVELOPMENT_TEAM = H97MA49XE2;
				FRAMEWORK_SEARCH_PATHS = (
					"$(inherited)",
					"$(PROJECT_DIR)/Carthage/Build/iOS",
				);
				INFOPLIST_FILE = QuietShare/Info.plist;
				LD_RUNPATH_SEARCH_PATHS = "$(inherited) @executable_path/Frameworks";
				PRODUCT_BUNDLE_IDENTIFIER = no.birkett.QuietShare;
				PRODUCT_NAME = "$(TARGET_NAME)";
				SWIFT_OBJC_BRIDGING_HEADER = "QuietShare/QuietShare-Bridging-Header.h";
				SWIFT_VERSION = 3.0;
			};
			name = Release;
		};
/* End XCBuildConfiguration section */

/* Begin XCConfigurationList section */
		46CCD01D1E7E99B2000051AA /* Build configuration list for PBXProject "QuietShare" */ = {
			isa = XCConfigurationList;
			buildConfigurations = (
				46CCD0321E7E99B2000051AA /* Debug */,
				46CCD0331E7E99B2000051AA /* Release */,
			);
			defaultConfigurationIsVisible = 0;
			defaultConfigurationName = Release;
		};
		46CCD0341E7E99B2000051AA /* Build configuration list for PBXNativeTarget "QuietShare" */ = {
			isa = XCConfigurationList;
			buildConfigurations = (
				46CCD0351E7E99B2000051AA /* Debug */,
				46CCD0361E7E99B2000051AA /* Release */,
			);
			defaultConfigurationIsVisible = 0;
		};
/* End XCConfigurationList section */
	};
	rootObject = 46CCD01A1E7E99B2000051AA /* Project object */;
}
